
Microsoft Visual Studio Solution File, Format Version 12.00
# Visual Studio Version 17
VisualStudioVersion = 17.0.31815.197
MinimumVisualStudioVersion = 10.0.40219.1
Project("{FAE04EC0-301F-11D3-BF4B-00C04F79EFBC}") = "WFA_KararYapilari.IfElse", "WFA_KararYapilari.IfElse\WFA_KararYapilari.IfElse.csproj", "{ED4B08B0-1B1D-4360-B1F7-D7DF6F426DA8}"
EndProject
Project("{FAE04EC0-301F-11D3-BF4B-00C04F79EFBC}") = "WFA_KararYapilari.SwitchCase", "WFA_KararYapilari.SwitchCase\WFA_KararYapilari.SwitchCase.csproj", "{D243E28A-644E-4B60-B0E6-20DE7ECBA6A1}"
EndProject
Project("{FAE04EC0-301F-11D3-BF4B-00C04F79EFBC}") = "WFA_KararYapilari.TernaryOperator", "WFA_KararYapilari.TernaryOperator\WFA_KararYapilari.TernaryOperator.csproj", "{373EE860-6637-4121-BEB0-A56132BEC06F}"
EndProject
Global
	GlobalSection(SolutionConfigurationPlatforms) = preSolution
		Debug|Any CPU = Debug|Any CPU
		Release|Any CPU = Release|Any CPU
	EndGlobalSection
	GlobalSection(ProjectConfigurationPlatforms) = postSolution
		{ED4B08B0-1B1D-4360-B1F7-D7DF6F426DA8}.Debug|Any CPU.ActiveCfg = Debug|Any CPU
		{ED4B08B0-1B1D-4360-B1F7-D7DF6F426DA8}.Debug|Any CPU.Build.0 = Debug|Any CPU
		{ED4B08B0-1B1D-4360-B1F7-D7DF6F426DA8}.Release|Any CPU.ActiveCfg = Release|Any CPU
		{ED4B08B0-1B1D-4360-B1F7-D7DF6F426DA8}.Release|Any CPU.Build.0 = Release|Any CPU
		{D243E28A-644E-4B60-B0E6-20DE7ECBA6A1}.Debug|Any CPU.ActiveCfg = Debug|Any CPU
		{D243E28A-644E-4B60-B0E6-20DE7ECBA6A1}.Debug|Any CPU.Build.0 = Debug|Any CPU
		{D243E28A-644E-4B60-B0E6-20DE7ECBA6A1}.Release|Any CPU.ActiveCfg = Release|Any CPU
		{D243E28A-644E-4B60-B0E6-20DE7ECBA6A1}.Release|Any CPU.Build.0 = Release|Any CPU
		{373EE860-6637-4121-BEB0-A56132BEC06F}.Debug|Any CPU.ActiveCfg = Debug|Any CPU
		{373EE860-6637-4121-BEB0-A56132BEC06F}.Debug|Any CPU.Build.0 = Debug|Any CPU
		{373EE860-6637-4121-BEB0-A56132BEC06F}.Release|Any CPU.ActiveCfg = Release|Any CPU
		{373EE860-6637-4121-BEB0-A56132BEC06F}.Release|Any CPU.Build.0 = Release|Any CPU
	EndGlobalSection
	GlobalSection(SolutionProperties) = preSolution
		HideSolutionNode = FALSE
	EndGlobalSection
	GlobalSection(ExtensibilityGlobals) = postSolution
		SolutionGuid = {E02278CD-2A4C-49E9-B4DA-3FDF36E18F4D}
	EndGlobalSection
EndGlobal
