
Microsoft Visual Studio Solution File, Format Version 12.00
# Visual Studio Version 17
VisualStudioVersion = 17.0.31815.197
MinimumVisualStudioVersion = 10.0.40219.1
Project("{FAE04EC0-301F-11D3-BF4B-00C04F79EFBC}") = "LoginForm", "LoginForm\LoginForm.csproj", "{E701945B-A884-474F-8BE1-BBA0A81D2F39}"
EndProject
Global
	GlobalSection(SolutionConfigurationPlatforms) = preSolution
		Debug|Any CPU = Debug|Any CPU
		Release|Any CPU = Release|Any CPU
	EndGlobalSection
	GlobalSection(ProjectConfigurationPlatforms) = postSolution
		{E701945B-A884-474F-8BE1-BBA0A81D2F39}.Debug|Any CPU.ActiveCfg = Debug|Any CPU
		{E701945B-A884-474F-8BE1-BBA0A81D2F39}.Debug|Any CPU.Build.0 = Debug|Any CPU
		{E701945B-A884-474F-8BE1-BBA0A81D2F39}.Release|Any CPU.ActiveCfg = Release|Any CPU
		{E701945B-A884-474F-8BE1-BBA0A81D2F39}.Release|Any CPU.Build.0 = Release|Any CPU
	EndGlobalSection
	GlobalSection(SolutionProperties) = preSolution
		HideSolutionNode = FALSE
	EndGlobalSection
	GlobalSection(ExtensibilityGlobals) = postSolution
		SolutionGuid = {422F8322-82D1-4AB8-ACEC-22623399AAFB}
	EndGlobalSection
EndGlobal
